{
  "requires": true,
  "lockfileVersion": 1,
  "dependencies": {
    "types-registry": {
      "version": "0.1.391",
      "resolved": "https://registry.npmjs.org/types-registry/-/types-registry-0.1.391.tgz",
      "integrity": "sha512-+DWedioBg1uI17Zu0e5igchbdsAzD4rba43La6qRScKYnSMWYbWel8RJANI+5g3DP27aYEsTcQnXP+FY3IV3xg=="
    }
  }
}
